// !$*UTF8*$!
{
	archiveVersion = 1;
	classes = {
	};
	objectVersion = 50;
	objects = {

/* Begin PBXBuildFile section */
		286AF9BE266CED530046BF8D /* op.mp3 in Resources */ = {isa = PBXBuildFile; fileRef = 286AF9BD266CED530046BF8D /* op.mp3 */; };
		286AF9C0266CEE770046BF8D /* died.mp3 in Resources */ = {isa = PBXBuildFile; fileRef = 286AF9BF266CEE770046BF8D /* died.mp3 */; };
		286AF9C2266CEEA20046BF8D /* gunshot.mp3 in Resources */ = {isa = PBXBuildFile; fileRef = 286AF9C1266CEEA20046BF8D /* gunshot.mp3 */; };
		286AF9CB266CEEBB0046BF8D /* superstar.mp3 in Resources */ = {isa = PBXBuildFile; fileRef = 286AF9C3266CEEBB0046BF8D /* superstar.mp3 */; };
		286AF9CC266CEEBB0046BF8D /* winGame.mp3 in Resources */ = {isa = PBXBuildFile; fileRef = 286AF9C4266CEEBB0046BF8D /* winGame.mp3 */; };
		286AF9CD266CEEBB0046BF8D /* human_died.mp3 in Resources */ = {isa = PBXBuildFile; fileRef = 286AF9C5266CEEBB0046BF8D /* human_died.mp3 */; };
		286AF9CE266CEEBB0046BF8D /* slime_getHurt.mp3 in Resources */ = {isa = PBXBuildFile; fileRef = 286AF9C6266CEEBB0046BF8D /* slime_getHurt.mp3 */; };
		286AF9CF266CEEBB0046BF8D /* ingame.mp3 in Resources */ = {isa = PBXBuildFile; fileRef = 286AF9C7266CEEBB0046BF8D /* ingame.mp3 */; };
		286AF9D0266CEEBB0046BF8D /* loseGame.mp3 in Resources */ = {isa = PBXBuildFile; fileRef = 286AF9C8266CEEBB0046BF8D /* loseGame.mp3 */; };
		286AF9D1266CEEBB0046BF8D /* ingame2.mp3 in Resources */ = {isa = PBXBuildFile; fileRef = 286AF9C9266CEEBB0046BF8D /* ingame2.mp3 */; };
		286AF9D2266CEEBB0046BF8D /* human_getHurt.mp3 in Resources */ = {isa = PBXBuildFile; fileRef = 286AF9CA266CEEBB0046BF8D /* human_getHurt.mp3 */; };
		380CB398264511C9004088B7 /* JDGamePaddle.swift in Sources */ = {isa = PBXBuildFile; fileRef = 380CB397264511C9004088B7 /* JDGamePaddle.swift */; };
		380CB39A26451E98004088B7 /* Player.swift in Sources */ = {isa = PBXBuildFile; fileRef = 380CB39926451E98004088B7 /* Player.swift */; };
		3861202B26426B30003BDCF8 /* AppDelegate.swift in Sources */ = {isa = PBXBuildFile; fileRef = 3861202A26426B30003BDCF8 /* AppDelegate.swift */; };
		3861202D26426B30003BDCF8 /* GameScene.sks in Resources */ = {isa = PBXBuildFile; fileRef = 3861202C26426B30003BDCF8 /* GameScene.sks */; };
		3861202F26426B30003BDCF8 /* Actions.sks in Resources */ = {isa = PBXBuildFile; fileRef = 3861202E26426B30003BDCF8 /* Actions.sks */; };
		3861203126426B30003BDCF8 /* GameScene.swift in Sources */ = {isa = PBXBuildFile; fileRef = 3861203026426B30003BDCF8 /* GameScene.swift */; };
		3861203326426B30003BDCF8 /* GameViewController.swift in Sources */ = {isa = PBXBuildFile; fileRef = 3861203226426B30003BDCF8 /* GameViewController.swift */; };
		3861203626426B30003BDCF8 /* Main.storyboard in Resources */ = {isa = PBXBuildFile; fileRef = 3861203426426B30003BDCF8 /* Main.storyboard */; };
		3861203826426B31003BDCF8 /* Assets.xcassets in Resources */ = {isa = PBXBuildFile; fileRef = 3861203726426B31003BDCF8 /* Assets.xcassets */; };
		3861203B26426B31003BDCF8 /* LaunchScreen.storyboard in Resources */ = {isa = PBXBuildFile; fileRef = 3861203926426B31003BDCF8 /* LaunchScreen.storyboard */; };
		485E7D07264903DE006123DD /* MyTileSet.sks in Resources */ = {isa = PBXBuildFile; fileRef = 485E7D06264903DE006123DD /* MyTileSet.sks */; };
		486716CC265229A700F0D3C3 /* Enemy.swift in Sources */ = {isa = PBXBuildFile; fileRef = 486716CB265229A700F0D3C3 /* Enemy.swift */; };
		487B9526265E1B7900A238E7 /* skillUI.swift in Sources */ = {isa = PBXBuildFile; fileRef = 487B9525265E1B7900A238E7 /* skillUI.swift */; };
		487B952C265FBD2300A238E7 /* StartScene.sks in Resources */ = {isa = PBXBuildFile; fileRef = 487B952B265FBD2300A238E7 /* StartScene.sks */; };
		487B952E265FC69400A238E7 /* StartScene.swift in Sources */ = {isa = PBXBuildFile; fileRef = 487B952D265FC69400A238E7 /* StartScene.swift */; };
		487B95302663D48B00A238E7 /* Boss.swift in Sources */ = {isa = PBXBuildFile; fileRef = 487B952F2663D48B00A238E7 /* Boss.swift */; };
		487B95322664F16700A238E7 /* EndScene.sks in Resources */ = {isa = PBXBuildFile; fileRef = 487B95312664F16700A238E7 /* EndScene.sks */; };
		487B95342664F17800A238E7 /* EndScene.swift in Sources */ = {isa = PBXBuildFile; fileRef = 487B95332664F17800A238E7 /* EndScene.swift */; };
		487B95362664FFE900A238E7 /* WinScene.swift in Sources */ = {isa = PBXBuildFile; fileRef = 487B95352664FFE900A238E7 /* WinScene.swift */; };
		487B95382665002F00A238E7 /* WinScene.sks in Resources */ = {isa = PBXBuildFile; fileRef = 487B95372665002F00A238E7 /* WinScene.sks */; };
		48A32F40264B89830014F81A /* physicalConstants.swift in Sources */ = {isa = PBXBuildFile; fileRef = 48A32F3F264B89830014F81A /* physicalConstants.swift */; };
/* End PBXBuildFile section */

/* Begin PBXFileReference section */
		286AF9BD266CED530046BF8D /* op.mp3 */ = {isa = PBXFileReference; lastKnownFileType = audio.mp3; name = op.mp3; path = ../../../../Downloads/iOS_audioAsset/op.mp3; sourceTree = "<group>"; };
		286AF9BF266CEE770046BF8D /* died.mp3 */ = {isa = PBXFileReference; lastKnownFileType = audio.mp3; name = died.mp3; path = ../../../../Downloads/iOS_audioAsset/died.mp3; sourceTree = "<group>"; };
		286AF9C1266CEEA20046BF8D /* gunshot.mp3 */ = {isa = PBXFileReference; lastKnownFileType = audio.mp3; name = gunshot.mp3; path = ../../../../Downloads/iOS_audioAsset/gunshot.mp3; sourceTree = "<group>"; };
		286AF9C3266CEEBB0046BF8D /* superstar.mp3 */ = {isa = PBXFileReference; lastKnownFileType = audio.mp3; name = superstar.mp3; path = ../../../../Downloads/iOS_audioAsset/superstar.mp3; sourceTree = "<group>"; };
		286AF9C4266CEEBB0046BF8D /* winGame.mp3 */ = {isa = PBXFileReference; lastKnownFileType = audio.mp3; name = winGame.mp3; path = ../../../../Downloads/iOS_audioAsset/winGame.mp3; sourceTree = "<group>"; };
		286AF9C5266CEEBB0046BF8D /* human_died.mp3 */ = {isa = PBXFileReference; lastKnownFileType = audio.mp3; name = human_died.mp3; path = ../../../../Downloads/iOS_audioAsset/human_died.mp3; sourceTree = "<group>"; };
		286AF9C6266CEEBB0046BF8D /* slime_getHurt.mp3 */ = {isa = PBXFileReference; lastKnownFileType = audio.mp3; name = slime_getHurt.mp3; path = ../../../../Downloads/iOS_audioAsset/slime_getHurt.mp3; sourceTree = "<group>"; };
		286AF9C7266CEEBB0046BF8D /* ingame.mp3 */ = {isa = PBXFileReference; lastKnownFileType = audio.mp3; name = ingame.mp3; path = ../../../../Downloads/iOS_audioAsset/ingame.mp3; sourceTree = "<group>"; };
		286AF9C8266CEEBB0046BF8D /* loseGame.mp3 */ = {isa = PBXFileReference; lastKnownFileType = audio.mp3; name = loseGame.mp3; path = ../../../../Downloads/iOS_audioAsset/loseGame.mp3; sourceTree = "<group>"; };
		286AF9C9266CEEBB0046BF8D /* ingame2.mp3 */ = {isa = PBXFileReference; lastKnownFileType = audio.mp3; name = ingame2.mp3; path = ../../../../Downloads/iOS_audioAsset/ingame2.mp3; sourceTree = "<group>"; };
		286AF9CA266CEEBB0046BF8D /* human_getHurt.mp3 */ = {isa = PBXFileReference; lastKnownFileType = audio.mp3; name = human_getHurt.mp3; path = ../../../../Downloads/iOS_audioAsset/human_getHurt.mp3; sourceTree = "<group>"; };
		380CB397264511C9004088B7 /* JDGamePaddle.swift */ = {isa = PBXFileReference; lastKnownFileType = sourcecode.swift; path = JDGamePaddle.swift; sourceTree = "<group>"; };
		380CB39926451E98004088B7 /* Player.swift */ = {isa = PBXFileReference; lastKnownFileType = sourcecode.swift; path = Player.swift; sourceTree = "<group>"; };
		3861202726426B30003BDCF8 /* pj.app */ = {isa = PBXFileReference; explicitFileType = wrapper.application; includeInIndex = 0; path = pj.app; sourceTree = BUILT_PRODUCTS_DIR; };
		3861202A26426B30003BDCF8 /* AppDelegate.swift */ = {isa = PBXFileReference; lastKnownFileType = sourcecode.swift; path = AppDelegate.swift; sourceTree = "<group>"; };
		3861202C26426B30003BDCF8 /* GameScene.sks */ = {isa = PBXFileReference; lastKnownFileType = file.sks; path = GameScene.sks; sourceTree = "<group>"; };
		3861202E26426B30003BDCF8 /* Actions.sks */ = {isa = PBXFileReference; lastKnownFileType = file.sks; path = Actions.sks; sourceTree = "<group>"; };
		3861203026426B30003BDCF8 /* GameScene.swift */ = {isa = PBXFileReference; lastKnownFileType = sourcecode.swift; path = GameScene.swift; sourceTree = "<group>"; };
		3861203226426B30003BDCF8 /* GameViewController.swift */ = {isa = PBXFileReference; lastKnownFileType = sourcecode.swift; path = GameViewController.swift; sourceTree = "<group>"; };
		3861203526426B30003BDCF8 /* Base */ = {isa = PBXFileReference; lastKnownFileType = file.storyboard; name = Base; path = Base.lproj/Main.storyboard; sourceTree = "<group>"; };
		3861203726426B31003BDCF8 /* Assets.xcassets */ = {isa = PBXFileReference; lastKnownFileType = folder.assetcatalog; path = Assets.xcassets; sourceTree = "<group>"; };
		3861203A26426B31003BDCF8 /* Base */ = {isa = PBXFileReference; lastKnownFileType = file.storyboard; name = Base; path = Base.lproj/LaunchScreen.storyboard; sourceTree = "<group>"; };
		3861203C26426B31003BDCF8 /* Info.plist */ = {isa = PBXFileReference; lastKnownFileType = text.plist.xml; path = Info.plist; sourceTree = "<group>"; };
		485E7D06264903DE006123DD /* MyTileSet.sks */ = {isa = PBXFileReference; lastKnownFileType = file.sks; path = MyTileSet.sks; sourceTree = "<group>"; };
		486716CB265229A700F0D3C3 /* Enemy.swift */ = {isa = PBXFileReference; lastKnownFileType = sourcecode.swift; path = Enemy.swift; sourceTree = "<group>"; };
		487B9525265E1B7900A238E7 /* skillUI.swift */ = {isa = PBXFileReference; lastKnownFileType = sourcecode.swift; path = skillUI.swift; sourceTree = "<group>"; };
		487B952B265FBD2300A238E7 /* StartScene.sks */ = {isa = PBXFileReference; lastKnownFileType = file.sks; path = StartScene.sks; sourceTree = "<group>"; };
		487B952D265FC69400A238E7 /* StartScene.swift */ = {isa = PBXFileReference; lastKnownFileType = sourcecode.swift; path = StartScene.swift; sourceTree = "<group>"; };
		487B952F2663D48B00A238E7 /* Boss.swift */ = {isa = PBXFileReference; lastKnownFileType = sourcecode.swift; path = Boss.swift; sourceTree = "<group>"; };
		487B95312664F16700A238E7 /* EndScene.sks */ = {isa = PBXFileReference; lastKnownFileType = file.sks; path = EndScene.sks; sourceTree = "<group>"; };
		487B95332664F17800A238E7 /* EndScene.swift */ = {isa = PBXFileReference; lastKnownFileType = sourcecode.swift; path = EndScene.swift; sourceTree = "<group>"; };
		487B95352664FFE900A238E7 /* WinScene.swift */ = {isa = PBXFileReference; lastKnownFileType = sourcecode.swift; path = WinScene.swift; sourceTree = "<group>"; };
		487B95372665002F00A238E7 /* WinScene.sks */ = {isa = PBXFileReference; lastKnownFileType = file.sks; path = WinScene.sks; sourceTree = "<group>"; };
		48A32F3F264B89830014F81A /* physicalConstants.swift */ = {isa = PBXFileReference; lastKnownFileType = sourcecode.swift; path = physicalConstants.swift; sourceTree = "<group>"; };
/* End PBXFileReference section */

/* Begin PBXFrameworksBuildPhase section */
		3861202426426B30003BDCF8 /* Frameworks */ = {
			isa = PBXFrameworksBuildPhase;
			buildActionMask = 2147483647;
			files = (
			);
			runOnlyForDeploymentPostprocessing = 0;
		};
/* End PBXFrameworksBuildPhase section */

/* Begin PBXGroup section */
		286AF9BC266CECCA0046BF8D /* AudioAsset */ = {
			isa = PBXGroup;
			children = (
				286AF9C5266CEEBB0046BF8D /* human_died.mp3 */,
				286AF9CA266CEEBB0046BF8D /* human_getHurt.mp3 */,
				286AF9C7266CEEBB0046BF8D /* ingame.mp3 */,
				286AF9C9266CEEBB0046BF8D /* ingame2.mp3 */,
				286AF9C8266CEEBB0046BF8D /* loseGame.mp3 */,
				286AF9C6266CEEBB0046BF8D /* slime_getHurt.mp3 */,
				286AF9C3266CEEBB0046BF8D /* superstar.mp3 */,
				286AF9C4266CEEBB0046BF8D /* winGame.mp3 */,
				286AF9C1266CEEA20046BF8D /* gunshot.mp3 */,
				286AF9BF266CEE770046BF8D /* died.mp3 */,
				286AF9BD266CED530046BF8D /* op.mp3 */,
			);
			path = AudioAsset;
			sourceTree = "<group>";
		};
		3861201E26426B30003BDCF8 = {
			isa = PBXGroup;
			children = (
				3861202926426B30003BDCF8 /* pj */,
				3861202826426B30003BDCF8 /* Products */,
			);
			sourceTree = "<group>";
		};
		3861202826426B30003BDCF8 /* Products */ = {
			isa = PBXGroup;
			children = (
				3861202726426B30003BDCF8 /* pj.app */,
			);
			name = Products;
			sourceTree = "<group>";
		};
		3861202926426B30003BDCF8 /* pj */ = {
			isa = PBXGroup;
			children = (
				286AF9BC266CECCA0046BF8D /* AudioAsset */,
				3861202A26426B30003BDCF8 /* AppDelegate.swift */,
				3861202C26426B30003BDCF8 /* GameScene.sks */,
				3861202E26426B30003BDCF8 /* Actions.sks */,
				3861203026426B30003BDCF8 /* GameScene.swift */,
				3861203226426B30003BDCF8 /* GameViewController.swift */,
				3861203426426B30003BDCF8 /* Main.storyboard */,
				3861203726426B31003BDCF8 /* Assets.xcassets */,
				3861203926426B31003BDCF8 /* LaunchScreen.storyboard */,
				3861203C26426B31003BDCF8 /* Info.plist */,
				380CB39926451E98004088B7 /* Player.swift */,
				380CB397264511C9004088B7 /* JDGamePaddle.swift */,
				485E7D06264903DE006123DD /* MyTileSet.sks */,
				48A32F3F264B89830014F81A /* physicalConstants.swift */,
				486716CB265229A700F0D3C3 /* Enemy.swift */,
				487B9525265E1B7900A238E7 /* skillUI.swift */,
				487B952B265FBD2300A238E7 /* StartScene.sks */,
				487B952D265FC69400A238E7 /* StartScene.swift */,
				487B952F2663D48B00A238E7 /* Boss.swift */,
				487B95312664F16700A238E7 /* EndScene.sks */,
				487B95332664F17800A238E7 /* EndScene.swift */,
				487B95352664FFE900A238E7 /* WinScene.swift */,
				487B95372665002F00A238E7 /* WinScene.sks */,
			);
			path = pj;
			sourceTree = "<group>";
		};
/* End PBXGroup section */

/* Begin PBXNativeTarget section */
		3861202626426B30003BDCF8 /* pj */ = {
			isa = PBXNativeTarget;
			buildConfigurationList = 3861203F26426B31003BDCF8 /* Build configuration list for PBXNativeTarget "pj" */;
			buildPhases = (
				3861202326426B30003BDCF8 /* Sources */,
				3861202426426B30003BDCF8 /* Frameworks */,
				3861202526426B30003BDCF8 /* Resources */,
			);
			buildRules = (
			);
			dependencies = (
			);
			name = pj;
			productName = pj;
			productReference = 3861202726426B30003BDCF8 /* pj.app */;
			productType = "com.apple.product-type.application";
		};
/* End PBXNativeTarget section */

/* Begin PBXProject section */
		3861201F26426B30003BDCF8 /* Project object */ = {
			isa = PBXProject;
			attributes = {
				LastSwiftUpdateCheck = 1160;
				LastUpgradeCheck = 1160;
				ORGANIZATIONNAME = mac11;
				TargetAttributes = {
					3861202626426B30003BDCF8 = {
						CreatedOnToolsVersion = 11.6;
					};
				};
			};
			buildConfigurationList = 3861202226426B30003BDCF8 /* Build configuration list for PBXProject "pj" */;
			compatibilityVersion = "Xcode 9.3";
			developmentRegion = en;
			hasScannedForEncodings = 0;
			knownRegions = (
				en,
				Base,
			);
			mainGroup = 3861201E26426B30003BDCF8;
			productRefGroup = 3861202826426B30003BDCF8 /* Products */;
			projectDirPath = "";
			projectRoot = "";
			targets = (
				3861202626426B30003BDCF8 /* pj */,
			);
		};
/* End PBXProject section */

/* Begin PBXResourcesBuildPhase section */
		3861202526426B30003BDCF8 /* Resources */ = {
			isa = PBXResourcesBuildPhase;
			buildActionMask = 2147483647;
			files = (
				487B95322664F16700A238E7 /* EndScene.sks in Resources */,
				487B952C265FBD2300A238E7 /* StartScene.sks in Resources */,
				286AF9D1266CEEBB0046BF8D /* ingame2.mp3 in Resources */,
				286AF9CB266CEEBB0046BF8D /* superstar.mp3 in Resources */,
				485E7D07264903DE006123DD /* MyTileSet.sks in Resources */,
				3861203626426B30003BDCF8 /* Main.storyboard in Resources */,
				286AF9D0266CEEBB0046BF8D /* loseGame.mp3 in Resources */,
				3861202D26426B30003BDCF8 /* GameScene.sks in Resources */,
				286AF9BE266CED530046BF8D /* op.mp3 in Resources */,
				3861203826426B31003BDCF8 /* Assets.xcassets in Resources */,
				487B95382665002F00A238E7 /* WinScene.sks in Resources */,
				286AF9CD266CEEBB0046BF8D /* human_died.mp3 in Resources */,
				286AF9C0266CEE770046BF8D /* died.mp3 in Resources */,
				286AF9CE266CEEBB0046BF8D /* slime_getHurt.mp3 in Resources */,
				286AF9D2266CEEBB0046BF8D /* human_getHurt.mp3 in Resources */,
				286AF9C2266CEEA20046BF8D /* gunshot.mp3 in Resources */,
				3861203B26426B31003BDCF8 /* LaunchScreen.storyboard in Resources */,
				286AF9CF266CEEBB0046BF8D /* ingame.mp3 in Resources */,
				3861202F26426B30003BDCF8 /* Actions.sks in Resources */,
				286AF9CC266CEEBB0046BF8D /* winGame.mp3 in Resources */,
			);
			runOnlyForDeploymentPostprocessing = 0;
		};
/* End PBXResourcesBuildPhase section */

/* Begin PBXSourcesBuildPhase section */
		3861202326426B30003BDCF8 /* Sources */ = {
			isa = PBXSourcesBuildPhase;
			buildActionMask = 2147483647;
			files = (
				3861203126426B30003BDCF8 /* GameScene.swift in Sources */,
				48A32F40264B89830014F81A /* physicalConstants.swift in Sources */,
				486716CC265229A700F0D3C3 /* Enemy.swift in Sources */,
				3861203326426B30003BDCF8 /* GameViewController.swift in Sources */,
				3861202B26426B30003BDCF8 /* AppDelegate.swift in Sources */,
				487B9526265E1B7900A238E7 /* skillUI.swift in Sources */,
				487B95342664F17800A238E7 /* EndScene.swift in Sources */,
				380CB39A26451E98004088B7 /* Player.swift in Sources */,
				487B952E265FC69400A238E7 /* StartScene.swift in Sources */,
				487B95362664FFE900A238E7 /* WinScene.swift in Sources */,
				487B95302663D48B00A238E7 /* Boss.swift in Sources */,
				380CB398264511C9004088B7 /* JDGamePaddle.swift in Sources */,
			);
			runOnlyForDeploymentPostprocessing = 0;
		};
/* End PBXSourcesBuildPhase section */

/* Begin PBXVariantGroup section */
		3861203426426B30003BDCF8 /* Main.storyboard */ = {
			isa = PBXVariantGroup;
			children = (
				3861203526426B30003BDCF8 /* Base */,
			);
			name = Main.storyboard;
			sourceTree = "<group>";
		};
		3861203926426B31003BDCF8 /* LaunchScreen.storyboard */ = {
			isa = PBXVariantGroup;
			children = (
				3861203A26426B31003BDCF8 /* Base */,
			);
			name = LaunchScreen.storyboard;
			sourceTree = "<group>";
		};
/* End PBXVariantGroup section */

/* Begin XCBuildConfiguration section */
		3861203D26426B31003BDCF8 /* Debug */ = {
			isa = XCBuildConfiguration;
			buildSettings = {
				ALWAYS_SEARCH_USER_PATHS = NO;
				CLANG_ANALYZER_NONNULL = YES;
				CLANG_ANALYZER_NUMBER_OBJECT_CONVERSION = YES_AGGRESSIVE;
				CLANG_CXX_LANGUAGE_STANDARD = "gnu++14";
				CLANG_CXX_LIBRARY = "libc++";
				CLANG_ENABLE_MODULES = YES;
				CLANG_ENABLE_OBJC_ARC = YES;
				CLANG_ENABLE_OBJC_WEAK = YES;
				CLANG_WARN_BLOCK_CAPTURE_AUTORELEASING = YES;
				CLANG_WARN_BOOL_CONVERSION = YES;
				CLANG_WARN_COMMA = YES;
				CLANG_WARN_CONSTANT_CONVERSION = YES;
				CLANG_WARN_DEPRECATED_OBJC_IMPLEMENTATIONS = YES;
				CLANG_WARN_DIRECT_OBJC_ISA_USAGE = YES_ERROR;
				CLANG_WARN_DOCUMENTATION_COMMENTS = YES;
				CLANG_WARN_EMPTY_BODY = YES;
				CLANG_WARN_ENUM_CONVERSION = YES;
				CLANG_WARN_INFINITE_RECURSION = YES;
				CLANG_WARN_INT_CONVERSION = YES;
				CLANG_WARN_NON_LITERAL_NULL_CONVERSION = YES;
				CLANG_WARN_OBJC_IMPLICIT_RETAIN_SELF = YES;
				CLANG_WARN_OBJC_LITERAL_CONVERSION = YES;
				CLANG_WARN_OBJC_ROOT_CLASS = YES_ERROR;
				CLANG_WARN_RANGE_LOOP_ANALYSIS = YES;
				CLANG_WARN_STRICT_PROTOTYPES = YES;
				CLANG_WARN_SUSPICIOUS_MOVE = YES;
				CLANG_WARN_UNGUARDED_AVAILABILITY = YES_AGGRESSIVE;
				CLANG_WARN_UNREACHABLE_CODE = YES;
				CLANG_WARN__DUPLICATE_METHOD_MATCH = YES;
				COPY_PHASE_STRIP = NO;
				DEBUG_INFORMATION_FORMAT = dwarf;
				ENABLE_STRICT_OBJC_MSGSEND = YES;
				ENABLE_TESTABILITY = YES;
				GCC_C_LANGUAGE_STANDARD = gnu11;
				GCC_DYNAMIC_NO_PIC = NO;
				GCC_NO_COMMON_BLOCKS = YES;
				GCC_OPTIMIZATION_LEVEL = 0;
				GCC_PREPROCESSOR_DEFINITIONS = (
					"DEBUG=1",
					"$(inherited)",
				);
				GCC_WARN_64_TO_32_BIT_CONVERSION = YES;
				GCC_WARN_ABOUT_RETURN_TYPE = YES_ERROR;
				GCC_WARN_UNDECLARED_SELECTOR = YES;
				GCC_WARN_UNINITIALIZED_AUTOS = YES_AGGRESSIVE;
				GCC_WARN_UNUSED_FUNCTION = YES;
				GCC_WARN_UNUSED_VARIABLE = YES;
				IPHONEOS_DEPLOYMENT_TARGET = 13.6;
				MTL_ENABLE_DEBUG_INFO = INCLUDE_SOURCE;
				MTL_FAST_MATH = YES;
				ONLY_ACTIVE_ARCH = YES;
				SDKROOT = iphoneos;
				SWIFT_ACTIVE_COMPILATION_CONDITIONS = DEBUG;
				SWIFT_OPTIMIZATION_LEVEL = "-Onone";
			};
			name = Debug;
		};
		3861203E26426B31003BDCF8 /* Release */ = {
			isa = XCBuildConfiguration;
			buildSettings = {
				ALWAYS_SEARCH_USER_PATHS = NO;
				CLANG_ANALYZER_NONNULL = YES;
				CLANG_ANALYZER_NUMBER_OBJECT_CONVERSION = YES_AGGRESSIVE;
				CLANG_CXX_LANGUAGE_STANDARD = "gnu++14";
				CLANG_CXX_LIBRARY = "libc++";
				CLANG_ENABLE_MODULES = YES;
				CLANG_ENABLE_OBJC_ARC = YES;
				CLANG_ENABLE_OBJC_WEAK = YES;
				CLANG_WARN_BLOCK_CAPTURE_AUTORELEASING = YES;
				CLANG_WARN_BOOL_CONVERSION = YES;
				CLANG_WARN_COMMA = YES;
				CLANG_WARN_CONSTANT_CONVERSION = YES;
				CLANG_WARN_DEPRECATED_OBJC_IMPLEMENTATIONS = YES;
				CLANG_WARN_DIRECT_OBJC_ISA_USAGE = YES_ERROR;
				CLANG_WARN_DOCUMENTATION_COMMENTS = YES;
				CLANG_WARN_EMPTY_BODY = YES;
				CLANG_WARN_ENUM_CONVERSION = YES;
				CLANG_WARN_INFINITE_RECURSION = YES;
				CLANG_WARN_INT_CONVERSION = YES;
				CLANG_WARN_NON_LITERAL_NULL_CONVERSION = YES;
				CLANG_WARN_OBJC_IMPLICIT_RETAIN_SELF = YES;
				CLANG_WARN_OBJC_LITERAL_CONVERSION = YES;
				CLANG_WARN_OBJC_ROOT_CLASS = YES_ERROR;
				CLANG_WARN_RANGE_LOOP_ANALYSIS = YES;
				CLANG_WARN_STRICT_PROTOTYPES = YES;
				CLANG_WARN_SUSPICIOUS_MOVE = YES;
				CLANG_WARN_UNGUARDED_AVAILABILITY = YES_AGGRESSIVE;
				CLANG_WARN_UNREACHABLE_CODE = YES;
				CLANG_WARN__DUPLICATE_METHOD_MATCH = YES;
				COPY_PHASE_STRIP = NO;
				DEBUG_INFORMATION_FORMAT = "dwarf-with-dsym";
				ENABLE_NS_ASSERTIONS = NO;
				ENABLE_STRICT_OBJC_MSGSEND = YES;
				GCC_C_LANGUAGE_STANDARD = gnu11;
				GCC_NO_COMMON_BLOCKS = YES;
				GCC_WARN_64_TO_32_BIT_CONVERSION = YES;
				GCC_WARN_ABOUT_RETURN_TYPE = YES_ERROR;
				GCC_WARN_UNDECLARED_SELECTOR = YES;
				GCC_WARN_UNINITIALIZED_AUTOS = YES_AGGRESSIVE;
				GCC_WARN_UNUSED_FUNCTION = YES;
				GCC_WARN_UNUSED_VARIABLE = YES;
				IPHONEOS_DEPLOYMENT_TARGET = 13.6;
				MTL_ENABLE_DEBUG_INFO = NO;
				MTL_FAST_MATH = YES;
				SDKROOT = iphoneos;
				SWIFT_COMPILATION_MODE = wholemodule;
				SWIFT_OPTIMIZATION_LEVEL = "-O";
				VALIDATE_PRODUCT = YES;
			};
			name = Release;
		};
		3861204026426B31003BDCF8 /* Debug */ = {
			isa = XCBuildConfiguration;
			buildSettings = {
				ASSETCATALOG_COMPILER_APPICON_NAME = AppIcon;
				CODE_SIGN_STYLE = Automatic;
				DEVELOPMENT_TEAM = PF27923YU5;
				INFOPLIST_FILE = pj/Info.plist;
				IPHONEOS_DEPLOYMENT_TARGET = 14.3;
				LD_RUNPATH_SEARCH_PATHS = (
					"$(inherited)",
					"@executable_path/Frameworks",
				);
				PRODUCT_BUNDLE_IDENTIFIER = mac15game.pj;
				PRODUCT_NAME = "$(TARGET_NAME)";
				SWIFT_VERSION = 5.0;
				TARGETED_DEVICE_FAMILY = "1,2";
			};
			name = Debug;
		};
		3861204126426B31003BDCF8 /* Release */ = {
			isa = XCBuildConfiguration;
			buildSettings = {
				ASSETCATALOG_COMPILER_APPICON_NAME = AppIcon;
				CODE_SIGN_STYLE = Automatic;
				DEVELOPMENT_TEAM = PF27923YU5;
				INFOPLIST_FILE = pj/Info.plist;
				IPHONEOS_DEPLOYMENT_TARGET = 14.3;
				LD_RUNPATH_SEARCH_PATHS = (
					"$(inherited)",
					"@executable_path/Frameworks",
				);
				PRODUCT_BUNDLE_IDENTIFIER = mac15game.pj;
				PRODUCT_NAME = "$(TARGET_NAME)";
				SWIFT_VERSION = 5.0;
				TARGETED_DEVICE_FAMILY = "1,2";
			};
			name = Release;
		};
/* End XCBuildConfiguration section */

/* Begin XCConfigurationList section */
		3861202226426B30003BDCF8 /* Build configuration list for PBXProject "pj" */ = {
			isa = XCConfigurationList;
			buildConfigurations = (
				3861203D26426B31003BDCF8 /* Debug */,
				3861203E26426B31003BDCF8 /* Release */,
			);
			defaultConfigurationIsVisible = 0;
			defaultConfigurationName = Release;
		};
		3861203F26426B31003BDCF8 /* Build configuration list for PBXNativeTarget "pj" */ = {
			isa = XCConfigurationList;
			buildConfigurations = (
				3861204026426B31003BDCF8 /* Debug */,
				3861204126426B31003BDCF8 /* Release */,
			);
			defaultConfigurationIsVisible = 0;
			defaultConfigurationName = Release;
		};
/* End XCConfigurationList section */
	};
	rootObject = 3861201F26426B30003BDCF8 /* Project object */;
}
